
Microsoft Visual Studio Solution File, Format Version 12.00
# Visual Studio Version 17
VisualStudioVersion = 17.7.34024.191
MinimumVisualStudioVersion = 10.0.40219.1
Project("{FAE04EC0-301F-11D3-BF4B-00C04F79EFBC}") = "StageTwo", "StageTwo\StageTwo.csproj", "{E78E5D34-4AF1-4DA9-A536-8933F7B38C82}"
EndProject
Project("{FAE04EC0-301F-11D3-BF4B-00C04F79EFBC}") = "EFTask", "EFTask\EFTask.csproj", "{F6571AB3-DFEE-4F4A-ADB8-AB00BF7AC828}"
EndProject
Global
	GlobalSection(SolutionConfigurationPlatforms) = preSolution
		Debug|Any CPU = Debug|Any CPU
		Release|Any CPU = Release|Any CPU
	EndGlobalSection
	GlobalSection(ProjectConfigurationPlatforms) = postSolution
		{E78E5D34-4AF1-4DA9-A536-8933F7B38C82}.Debug|Any CPU.ActiveCfg = Debug|Any CPU
		{E78E5D34-4AF1-4DA9-A536-8933F7B38C82}.Debug|Any CPU.Build.0 = Debug|Any CPU
		{E78E5D34-4AF1-4DA9-A536-8933F7B38C82}.Release|Any CPU.ActiveCfg = Release|Any CPU
		{E78E5D34-4AF1-4DA9-A536-8933F7B38C82}.Release|Any CPU.Build.0 = Release|Any CPU
		{F6571AB3-DFEE-4F4A-ADB8-AB00BF7AC828}.Debug|Any CPU.ActiveCfg = Debug|Any CPU
		{F6571AB3-DFEE-4F4A-ADB8-AB00BF7AC828}.Debug|Any CPU.Build.0 = Debug|Any CPU
		{F6571AB3-DFEE-4F4A-ADB8-AB00BF7AC828}.Release|Any CPU.ActiveCfg = Release|Any CPU
		{F6571AB3-DFEE-4F4A-ADB8-AB00BF7AC828}.Release|Any CPU.Build.0 = Release|Any CPU
	EndGlobalSection
	GlobalSection(SolutionProperties) = preSolution
		HideSolutionNode = FALSE
	EndGlobalSection
	GlobalSection(ExtensibilityGlobals) = postSolution
		SolutionGuid = {B2BD4D04-4CB2-4870-91A8-77C4FB4AA685}
	EndGlobalSection
EndGlobal
